
Microsoft Visual Studio Solution File, Format Version 12.00
# Visual Studio Version 16
VisualStudioVersion = 16.0.30225.117
MinimumVisualStudioVersion = 10.0.40219.1
Project("{FAE04EC0-301F-11D3-BF4B-00C04F79EFBC}") = "RCS_08.15_Student", "RCS_08.15_Student\RCS_08.15_Student.csproj", "{3204D396-71F7-496D-9F32-97D86D49D52D}"
EndProject
Global
	GlobalSection(SolutionConfigurationPlatforms) = preSolution
		Debug|Any CPU = Debug|Any CPU
		Release|Any CPU = Release|Any CPU
	EndGlobalSection
	GlobalSection(ProjectConfigurationPlatforms) = postSolution
		{3204D396-71F7-496D-9F32-97D86D49D52D}.Debug|Any CPU.ActiveCfg = Debug|Any CPU
		{3204D396-71F7-496D-9F32-97D86D49D52D}.Debug|Any CPU.Build.0 = Debug|Any CPU
		{3204D396-71F7-496D-9F32-97D86D49D52D}.Release|Any CPU.ActiveCfg = Release|Any CPU
		{3204D396-71F7-496D-9F32-97D86D49D52D}.Release|Any CPU.Build.0 = Release|Any CPU
	EndGlobalSection
	GlobalSection(SolutionProperties) = preSolution
		HideSolutionNode = FALSE
	EndGlobalSection
	GlobalSection(ExtensibilityGlobals) = postSolution
		SolutionGuid = {3ED5A332-667B-40C9-904A-C81B16E0530B}
	EndGlobalSection
EndGlobal
